// !$*UTF8*$!
{
	archiveVersion = 1;
	classes = {
	};
	objectVersion = 56;
	objects = {

/* Begin PBXBuildFile section */
		4901CB3A2AC05FF400F3D7FC /* MovieGridViewModel.swift in Sources */ = {isa = PBXBuildFile; fileRef = 4901CB392AC05FF400F3D7FC /* MovieGridViewModel.swift */; };
		4901CB3E2AC08A8800F3D7FC /* ConstructMoviePosterView.swift in Sources */ = {isa = PBXBuildFile; fileRef = 4901CB3D2AC08A8800F3D7FC /* ConstructMoviePosterView.swift */; };
		4901CB402AC09AD600F3D7FC /* MovieProviding.swift in Sources */ = {isa = PBXBuildFile; fileRef = 4901CB3F2AC09AD600F3D7FC /* MovieProviding.swift */; };
		499674452ABC817200F3EBE6 /* MoviePosterViewModel.swift in Sources */ = {isa = PBXBuildFile; fileRef = 499674442ABC817200F3EBE6 /* MoviePosterViewModel.swift */; };
		499674482ABC8B8C00F3EBE6 /* MoviesGridView.swift in Sources */ = {isa = PBXBuildFile; fileRef = 499674472ABC8B8C00F3EBE6 /* MoviesGridView.swift */; };
		4999A2992ABF679700C44D56 /* MoviePosterViewModelTests.swift in Sources */ = {isa = PBXBuildFile; fileRef = 4999A2982ABF679700C44D56 /* MoviePosterViewModelTests.swift */; };
		49C8F2AA2ABB364A00680ABB /* MovieiOS.framework in Frameworks */ = {isa = PBXBuildFile; fileRef = 49C8F2A12ABB364A00680ABB /* MovieiOS.framework */; };
		49C8F2C82ABB3E7800680ABB /* MovieiOS.xctestplan in Resources */ = {isa = PBXBuildFile; fileRef = 49C8F2C72ABB3E7800680ABB /* MovieiOS.xctestplan */; };
		49C8F2D62ABB452600680ABB /* MoviePosterView.swift in Sources */ = {isa = PBXBuildFile; fileRef = 49C8F2D52ABB452600680ABB /* MoviePosterView.swift */; };
		49C8F2DB2ABB78FA00680ABB /* ImageView.swift in Sources */ = {isa = PBXBuildFile; fileRef = 49C8F2DA2ABB78FA00680ABB /* ImageView.swift */; };
		49C8F2DF2ABB84F700680ABB /* ShimmerView.swift in Sources */ = {isa = PBXBuildFile; fileRef = 49C8F2DE2ABB84F700680ABB /* ShimmerView.swift */; };
/* End PBXBuildFile section */

/* Begin PBXContainerItemProxy section */
		49C8F2AB2ABB364A00680ABB /* PBXContainerItemProxy */ = {
			isa = PBXContainerItemProxy;
			containerPortal = 49C8F2982ABB364A00680ABB /* Project object */;
			proxyType = 1;
			remoteGlobalIDString = 49C8F2A02ABB364A00680ABB;
			remoteInfo = MovieiOS;
		};
/* End PBXContainerItemProxy section */

/* Begin PBXCopyFilesBuildPhase section */
		49C8F2D42ABB444900680ABB /* Embed Frameworks */ = {
			isa = PBXCopyFilesBuildPhase;
			buildActionMask = 2147483647;
			dstPath = "";
			dstSubfolderSpec = 10;
			files = (
			);
			name = "Embed Frameworks";
			runOnlyForDeploymentPostprocessing = 0;
		};
/* End PBXCopyFilesBuildPhase section */

/* Begin PBXFileReference section */
		4901CB392AC05FF400F3D7FC /* MovieGridViewModel.swift */ = {isa = PBXFileReference; lastKnownFileType = sourcecode.swift; path = MovieGridViewModel.swift; sourceTree = "<group>"; };
		4901CB3D2AC08A8800F3D7FC /* ConstructMoviePosterView.swift */ = {isa = PBXFileReference; lastKnownFileType = sourcecode.swift; path = ConstructMoviePosterView.swift; sourceTree = "<group>"; };
		4901CB3F2AC09AD600F3D7FC /* MovieProviding.swift */ = {isa = PBXFileReference; lastKnownFileType = sourcecode.swift; path = MovieProviding.swift; sourceTree = "<group>"; };
		499674442ABC817200F3EBE6 /* MoviePosterViewModel.swift */ = {isa = PBXFileReference; lastKnownFileType = sourcecode.swift; path = MoviePosterViewModel.swift; sourceTree = "<group>"; };
		499674472ABC8B8C00F3EBE6 /* MoviesGridView.swift */ = {isa = PBXFileReference; lastKnownFileType = sourcecode.swift; path = MoviesGridView.swift; sourceTree = "<group>"; };
		4999A2982ABF679700C44D56 /* MoviePosterViewModelTests.swift */ = {isa = PBXFileReference; lastKnownFileType = sourcecode.swift; path = MoviePosterViewModelTests.swift; sourceTree = "<group>"; };
		49C8F2A12ABB364A00680ABB /* MovieiOS.framework */ = {isa = PBXFileReference; explicitFileType = wrapper.framework; includeInIndex = 0; path = MovieiOS.framework; sourceTree = BUILT_PRODUCTS_DIR; };
		49C8F2A92ABB364A00680ABB /* MovieiOSTests.xctest */ = {isa = PBXFileReference; explicitFileType = wrapper.cfbundle; includeInIndex = 0; path = MovieiOSTests.xctest; sourceTree = BUILT_PRODUCTS_DIR; };
		49C8F2C72ABB3E7800680ABB /* MovieiOS.xctestplan */ = {isa = PBXFileReference; fileEncoding = 4; lastKnownFileType = text; path = MovieiOS.xctestplan; sourceTree = "<group>"; };
		49C8F2D52ABB452600680ABB /* MoviePosterView.swift */ = {isa = PBXFileReference; lastKnownFileType = sourcecode.swift; path = MoviePosterView.swift; sourceTree = "<group>"; };
		49C8F2DA2ABB78FA00680ABB /* ImageView.swift */ = {isa = PBXFileReference; lastKnownFileType = sourcecode.swift; path = ImageView.swift; sourceTree = "<group>"; };
		49C8F2DE2ABB84F700680ABB /* ShimmerView.swift */ = {isa = PBXFileReference; lastKnownFileType = sourcecode.swift; path = ShimmerView.swift; sourceTree = "<group>"; };
/* End PBXFileReference section */

/* Begin PBXFrameworksBuildPhase section */
		49C8F29E2ABB364A00680ABB /* Frameworks */ = {
			isa = PBXFrameworksBuildPhase;
			buildActionMask = 2147483647;
			files = (
			);
			runOnlyForDeploymentPostprocessing = 0;
		};
		49C8F2A62ABB364A00680ABB /* Frameworks */ = {
			isa = PBXFrameworksBuildPhase;
			buildActionMask = 2147483647;
			files = (
				49C8F2AA2ABB364A00680ABB /* MovieiOS.framework in Frameworks */,
			);
			runOnlyForDeploymentPostprocessing = 0;
		};
/* End PBXFrameworksBuildPhase section */

/* Begin PBXGroup section */
		4901CB362AC05F9200F3D7FC /* MoviesGrid */ = {
			isa = PBXGroup;
			children = (
				4901CB382AC05FAE00F3D7FC /* View */,
				4901CB372AC05FA800F3D7FC /* ViewModel */,
			);
			path = MoviesGrid;
			sourceTree = "<group>";
		};
		4901CB372AC05FA800F3D7FC /* ViewModel */ = {
			isa = PBXGroup;
			children = (
				4901CB392AC05FF400F3D7FC /* MovieGridViewModel.swift */,
			);
			path = ViewModel;
			sourceTree = "<group>";
		};
		4901CB382AC05FAE00F3D7FC /* View */ = {
			isa = PBXGroup;
			children = (
				499674472ABC8B8C00F3EBE6 /* MoviesGridView.swift */,
			);
			path = View;
			sourceTree = "<group>";
		};
		499674462ABC8AA500F3EBE6 /* MoviePoster */ = {
			isa = PBXGroup;
			children = (
				4901CB3D2AC08A8800F3D7FC /* ConstructMoviePosterView.swift */,
				4999A2942ABF653A00C44D56 /* View */,
				4999A2972ABF656D00C44D56 /* ViewModel */,
			);
			path = MoviePoster;
			sourceTree = "<group>";
		};
		4999A2942ABF653A00C44D56 /* View */ = {
			isa = PBXGroup;
			children = (
				49C8F2D52ABB452600680ABB /* MoviePosterView.swift */,
			);
			path = View;
			sourceTree = "<group>";
		};
		4999A2952ABF654200C44D56 /* Image */ = {
			isa = PBXGroup;
			children = (
				49C8F2DA2ABB78FA00680ABB /* ImageView.swift */,
			);
			path = Image;
			sourceTree = "<group>";
		};
		4999A2972ABF656D00C44D56 /* ViewModel */ = {
			isa = PBXGroup;
			children = (
				499674442ABC817200F3EBE6 /* MoviePosterViewModel.swift */,
			);
			path = ViewModel;
			sourceTree = "<group>";
		};
		49C8F2972ABB364A00680ABB = {
			isa = PBXGroup;
			children = (
				49C8F2C02ABB3D9100680ABB /* MovieiOS */,
				49C8F2AD2ABB364A00680ABB /* MovieiOSTests */,
				49C8F2A22ABB364A00680ABB /* Products */,
			);
			sourceTree = "<group>";
		};
		49C8F2A22ABB364A00680ABB /* Products */ = {
			isa = PBXGroup;
			children = (
				49C8F2A12ABB364A00680ABB /* MovieiOS.framework */,
				49C8F2A92ABB364A00680ABB /* MovieiOSTests.xctest */,
			);
			name = Products;
			sourceTree = "<group>";
		};
		49C8F2AD2ABB364A00680ABB /* MovieiOSTests */ = {
			isa = PBXGroup;
			children = (
				49C8F2C72ABB3E7800680ABB /* MovieiOS.xctestplan */,
				4999A2982ABF679700C44D56 /* MoviePosterViewModelTests.swift */,
			);
			path = MovieiOSTests;
			sourceTree = "<group>";
		};
		49C8F2C02ABB3D9100680ABB /* MovieiOS */ = {
			isa = PBXGroup;
			children = (
				4901CB3F2AC09AD600F3D7FC /* MovieProviding.swift */,
				4901CB362AC05F9200F3D7FC /* MoviesGrid */,
				4999A2952ABF654200C44D56 /* Image */,
				499674462ABC8AA500F3EBE6 /* MoviePoster */,
				49C8F2D92ABB78EA00680ABB /* Shimmer */,
			);
			path = MovieiOS;
			sourceTree = "<group>";
		};
		49C8F2D92ABB78EA00680ABB /* Shimmer */ = {
			isa = PBXGroup;
			children = (
				49C8F2DE2ABB84F700680ABB /* ShimmerView.swift */,
			);
			path = Shimmer;
			sourceTree = "<group>";
		};
/* End PBXGroup section */

/* Begin PBXHeadersBuildPhase section */
		49C8F29C2ABB364A00680ABB /* Headers */ = {
			isa = PBXHeadersBuildPhase;
			buildActionMask = 2147483647;
			files = (
			);
			runOnlyForDeploymentPostprocessing = 0;
		};
/* End PBXHeadersBuildPhase section */

/* Begin PBXNativeTarget section */
		49C8F2A02ABB364A00680ABB /* MovieiOS */ = {
			isa = PBXNativeTarget;
			buildConfigurationList = 49C8F2B32ABB364A00680ABB /* Build configuration list for PBXNativeTarget "MovieiOS" */;
			buildPhases = (
				49C8F29C2ABB364A00680ABB /* Headers */,
				49C8F29D2ABB364A00680ABB /* Sources */,
				49C8F29E2ABB364A00680ABB /* Frameworks */,
				49C8F29F2ABB364A00680ABB /* Resources */,
				49C8F2D42ABB444900680ABB /* Embed Frameworks */,
			);
			buildRules = (
			);
			dependencies = (
			);
			name = MovieiOS;
			productName = MovieiOS;
			productReference = 49C8F2A12ABB364A00680ABB /* MovieiOS.framework */;
			productType = "com.apple.product-type.framework";
		};
		49C8F2A82ABB364A00680ABB /* MovieiOSTests */ = {
			isa = PBXNativeTarget;
			buildConfigurationList = 49C8F2B62ABB364A00680ABB /* Build configuration list for PBXNativeTarget "MovieiOSTests" */;
			buildPhases = (
				49C8F2A52ABB364A00680ABB /* Sources */,
				49C8F2A62ABB364A00680ABB /* Frameworks */,
				49C8F2A72ABB364A00680ABB /* Resources */,
			);
			buildRules = (
			);
			dependencies = (
				49C8F2AC2ABB364A00680ABB /* PBXTargetDependency */,
			);
			name = MovieiOSTests;
			productName = MovieiOSTests;
			productReference = 49C8F2A92ABB364A00680ABB /* MovieiOSTests.xctest */;
			productType = "com.apple.product-type.bundle.unit-test";
		};
/* End PBXNativeTarget section */

/* Begin PBXProject section */
		49C8F2982ABB364A00680ABB /* Project object */ = {
			isa = PBXProject;
			attributes = {
				BuildIndependentTargetsInParallel = 1;
				LastSwiftUpdateCheck = 1430;
				LastUpgradeCheck = 1430;
				TargetAttributes = {
					49C8F2A02ABB364A00680ABB = {
						CreatedOnToolsVersion = 14.3.1;
						LastSwiftMigration = 1430;
					};
					49C8F2A82ABB364A00680ABB = {
						CreatedOnToolsVersion = 14.3.1;
						LastSwiftMigration = 1500;
					};
				};
			};
			buildConfigurationList = 49C8F29B2ABB364A00680ABB /* Build configuration list for PBXProject "MovieiOS" */;
			compatibilityVersion = "Xcode 14.0";
			developmentRegion = en;
			hasScannedForEncodings = 0;
			knownRegions = (
				en,
				Base,
			);
			mainGroup = 49C8F2972ABB364A00680ABB;
			productRefGroup = 49C8F2A22ABB364A00680ABB /* Products */;
			projectDirPath = "";
			projectRoot = "";
			targets = (
				49C8F2A02ABB364A00680ABB /* MovieiOS */,
				49C8F2A82ABB364A00680ABB /* MovieiOSTests */,
			);
		};
/* End PBXProject section */

/* Begin PBXResourcesBuildPhase section */
		49C8F29F2ABB364A00680ABB /* Resources */ = {
			isa = PBXResourcesBuildPhase;
			buildActionMask = 2147483647;
			files = (
			);
			runOnlyForDeploymentPostprocessing = 0;
		};
		49C8F2A72ABB364A00680ABB /* Resources */ = {
			isa = PBXResourcesBuildPhase;
			buildActionMask = 2147483647;
			files = (
				49C8F2C82ABB3E7800680ABB /* MovieiOS.xctestplan in Resources */,
			);
			runOnlyForDeploymentPostprocessing = 0;
		};
/* End PBXResourcesBuildPhase section */

/* Begin PBXSourcesBuildPhase section */
		49C8F29D2ABB364A00680ABB /* Sources */ = {
			isa = PBXSourcesBuildPhase;
			buildActionMask = 2147483647;
			files = (
				499674482ABC8B8C00F3EBE6 /* MoviesGridView.swift in Sources */,
				4901CB402AC09AD600F3D7FC /* MovieProviding.swift in Sources */,
				49C8F2DF2ABB84F700680ABB /* ShimmerView.swift in Sources */,
				49C8F2DB2ABB78FA00680ABB /* ImageView.swift in Sources */,
				4901CB3E2AC08A8800F3D7FC /* ConstructMoviePosterView.swift in Sources */,
				499674452ABC817200F3EBE6 /* MoviePosterViewModel.swift in Sources */,
				49C8F2D62ABB452600680ABB /* MoviePosterView.swift in Sources */,
				4901CB3A2AC05FF400F3D7FC /* MovieGridViewModel.swift in Sources */,
			);
			runOnlyForDeploymentPostprocessing = 0;
		};
		49C8F2A52ABB364A00680ABB /* Sources */ = {
			isa = PBXSourcesBuildPhase;
			buildActionMask = 2147483647;
			files = (
				4999A2992ABF679700C44D56 /* MoviePosterViewModelTests.swift in Sources */,
			);
			runOnlyForDeploymentPostprocessing = 0;
		};
/* End PBXSourcesBuildPhase section */

/* Begin PBXTargetDependency section */
		49C8F2AC2ABB364A00680ABB /* PBXTargetDependency */ = {
			isa = PBXTargetDependency;
			target = 49C8F2A02ABB364A00680ABB /* MovieiOS */;
			targetProxy = 49C8F2AB2ABB364A00680ABB /* PBXContainerItemProxy */;
		};
/* End PBXTargetDependency section */

/* Begin XCBuildConfiguration section */
		49C8F2B12ABB364A00680ABB /* Debug */ = {
			isa = XCBuildConfiguration;
			buildSettings = {
				ALWAYS_SEARCH_USER_PATHS = NO;
				CLANG_ANALYZER_NONNULL = YES;
				CLANG_ANALYZER_NUMBER_OBJECT_CONVERSION = YES_AGGRESSIVE;
				CLANG_CXX_LANGUAGE_STANDARD = "gnu++20";
				CLANG_ENABLE_MODULES = YES;
				CLANG_ENABLE_OBJC_ARC = YES;
				CLANG_ENABLE_OBJC_WEAK = YES;
				CLANG_WARN_BLOCK_CAPTURE_AUTORELEASING = YES;
				CLANG_WARN_BOOL_CONVERSION = YES;
				CLANG_WARN_COMMA = YES;
				CLANG_WARN_CONSTANT_CONVERSION = YES;
				CLANG_WARN_DEPRECATED_OBJC_IMPLEMENTATIONS = YES;
				CLANG_WARN_DIRECT_OBJC_ISA_USAGE = YES_ERROR;
				CLANG_WARN_DOCUMENTATION_COMMENTS = YES;
				CLANG_WARN_EMPTY_BODY = YES;
				CLANG_WARN_ENUM_CONVERSION = YES;
				CLANG_WARN_INFINITE_RECURSION = YES;
				CLANG_WARN_INT_CONVERSION = YES;
				CLANG_WARN_NON_LITERAL_NULL_CONVERSION = YES;
				CLANG_WARN_OBJC_IMPLICIT_RETAIN_SELF = YES;
				CLANG_WARN_OBJC_LITERAL_CONVERSION = YES;
				CLANG_WARN_OBJC_ROOT_CLASS = YES_ERROR;
				CLANG_WARN_QUOTED_INCLUDE_IN_FRAMEWORK_HEADER = YES;
				CLANG_WARN_RANGE_LOOP_ANALYSIS = YES;
				CLANG_WARN_STRICT_PROTOTYPES = YES;
				CLANG_WARN_SUSPICIOUS_MOVE = YES;
				CLANG_WARN_UNGUARDED_AVAILABILITY = YES_AGGRESSIVE;
				CLANG_WARN_UNREACHABLE_CODE = YES;
				CLANG_WARN__DUPLICATE_METHOD_MATCH = YES;
				COPY_PHASE_STRIP = NO;
				CURRENT_PROJECT_VERSION = 1;
				DEBUG_INFORMATION_FORMAT = dwarf;
				ENABLE_STRICT_OBJC_MSGSEND = YES;
				ENABLE_TESTABILITY = YES;
				GCC_C_LANGUAGE_STANDARD = gnu11;
				GCC_DYNAMIC_NO_PIC = NO;
				GCC_NO_COMMON_BLOCKS = YES;
				GCC_OPTIMIZATION_LEVEL = 0;
				GCC_PREPROCESSOR_DEFINITIONS = (
					"DEBUG=1",
					"$(inherited)",
				);
				GCC_WARN_64_TO_32_BIT_CONVERSION = YES;
				GCC_WARN_ABOUT_RETURN_TYPE = YES_ERROR;
				GCC_WARN_UNDECLARED_SELECTOR = YES;
				GCC_WARN_UNINITIALIZED_AUTOS = YES_AGGRESSIVE;
				GCC_WARN_UNUSED_FUNCTION = YES;
				GCC_WARN_UNUSED_VARIABLE = YES;
				IPHONEOS_DEPLOYMENT_TARGET = 14.0;
				MTL_ENABLE_DEBUG_INFO = INCLUDE_SOURCE;
				MTL_FAST_MATH = YES;
				ONLY_ACTIVE_ARCH = YES;
				SDKROOT = iphoneos;
				SWIFT_ACTIVE_COMPILATION_CONDITIONS = DEBUG;
				SWIFT_OPTIMIZATION_LEVEL = "-Onone";
				VERSIONING_SYSTEM = "apple-generic";
				VERSION_INFO_PREFIX = "";
			};
			name = Debug;
		};
		49C8F2B22ABB364A00680ABB /* Release */ = {
			isa = XCBuildConfiguration;
			buildSettings = {
				ALWAYS_SEARCH_USER_PATHS = NO;
				CLANG_ANALYZER_NONNULL = YES;
				CLANG_ANALYZER_NUMBER_OBJECT_CONVERSION = YES_AGGRESSIVE;
				CLANG_CXX_LANGUAGE_STANDARD = "gnu++20";
				CLANG_ENABLE_MODULES = YES;
				CLANG_ENABLE_OBJC_ARC = YES;
				CLANG_ENABLE_OBJC_WEAK = YES;
				CLANG_WARN_BLOCK_CAPTURE_AUTORELEASING = YES;
				CLANG_WARN_BOOL_CONVERSION = YES;
				CLANG_WARN_COMMA = YES;
				CLANG_WARN_CONSTANT_CONVERSION = YES;
				CLANG_WARN_DEPRECATED_OBJC_IMPLEMENTATIONS = YES;
				CLANG_WARN_DIRECT_OBJC_ISA_USAGE = YES_ERROR;
				CLANG_WARN_DOCUMENTATION_COMMENTS = YES;
				CLANG_WARN_EMPTY_BODY = YES;
				CLANG_WARN_ENUM_CONVERSION = YES;
				CLANG_WARN_INFINITE_RECURSION = YES;
				CLANG_WARN_INT_CONVERSION = YES;
				CLANG_WARN_NON_LITERAL_NULL_CONVERSION = YES;
				CLANG_WARN_OBJC_IMPLICIT_RETAIN_SELF = YES;
				CLANG_WARN_OBJC_LITERAL_CONVERSION = YES;
				CLANG_WARN_OBJC_ROOT_CLASS = YES_ERROR;
				CLANG_WARN_QUOTED_INCLUDE_IN_FRAMEWORK_HEADER = YES;
				CLANG_WARN_RANGE_LOOP_ANALYSIS = YES;
				CLANG_WARN_STRICT_PROTOTYPES = YES;
				CLANG_WARN_SUSPICIOUS_MOVE = YES;
				CLANG_WARN_UNGUARDED_AVAILABILITY = YES_AGGRESSIVE;
				CLANG_WARN_UNREACHABLE_CODE = YES;
				CLANG_WARN__DUPLICATE_METHOD_MATCH = YES;
				COPY_PHASE_STRIP = NO;
				CURRENT_PROJECT_VERSION = 1;
				DEBUG_INFORMATION_FORMAT = "dwarf-with-dsym";
				ENABLE_NS_ASSERTIONS = NO;
				ENABLE_STRICT_OBJC_MSGSEND = YES;
				GCC_C_LANGUAGE_STANDARD = gnu11;
				GCC_NO_COMMON_BLOCKS = YES;
				GCC_WARN_64_TO_32_BIT_CONVERSION = YES;
				GCC_WARN_ABOUT_RETURN_TYPE = YES_ERROR;
				GCC_WARN_UNDECLARED_SELECTOR = YES;
				GCC_WARN_UNINITIALIZED_AUTOS = YES_AGGRESSIVE;
				GCC_WARN_UNUSED_FUNCTION = YES;
				GCC_WARN_UNUSED_VARIABLE = YES;
				IPHONEOS_DEPLOYMENT_TARGET = 14.0;
				MTL_ENABLE_DEBUG_INFO = NO;
				MTL_FAST_MATH = YES;
				SDKROOT = iphoneos;
				SWIFT_COMPILATION_MODE = wholemodule;
				SWIFT_OPTIMIZATION_LEVEL = "-O";
				VALIDATE_PRODUCT = YES;
				VERSIONING_SYSTEM = "apple-generic";
				VERSION_INFO_PREFIX = "";
			};
			name = Release;
		};
		49C8F2B42ABB364A00680ABB /* Debug */ = {
			isa = XCBuildConfiguration;
			buildSettings = {
				CLANG_ENABLE_MODULES = YES;
				CODE_SIGN_STYLE = Automatic;
				CURRENT_PROJECT_VERSION = 1;
				DEFINES_MODULE = YES;
				DYLIB_COMPATIBILITY_VERSION = 1;
				DYLIB_CURRENT_VERSION = 1;
				DYLIB_INSTALL_NAME_BASE = "@rpath";
				ENABLE_MODULE_VERIFIER = YES;
				FRAMEWORK_SEARCH_PATHS = "$(SRCROOT)/Carthage/Build/";
				GENERATE_INFOPLIST_FILE = YES;
				INFOPLIST_KEY_NSHumanReadableCopyright = "";
				INSTALL_PATH = "$(LOCAL_LIBRARY_DIR)/Frameworks";
				IPHONEOS_DEPLOYMENT_TARGET = 14.0;
				LD_RUNPATH_SEARCH_PATHS = (
					"$(inherited)",
					"@executable_path/Frameworks",
					"@loader_path/Frameworks",
				);
				MARKETING_VERSION = 1.0;
				MODULE_VERIFIER_SUPPORTED_LANGUAGES = "objective-c objective-c++";
				MODULE_VERIFIER_SUPPORTED_LANGUAGE_STANDARDS = "gnu11 gnu++20";
				PRODUCT_BUNDLE_IDENTIFIER = com.learn.MovieiOS;
				PRODUCT_NAME = "$(TARGET_NAME:c99extidentifier)";
				SKIP_INSTALL = YES;
				SWIFT_EMIT_LOC_STRINGS = YES;
				SWIFT_OPTIMIZATION_LEVEL = "-Onone";
				SWIFT_VERSION = 5.0;
				TARGETED_DEVICE_FAMILY = "1,2";
			};
			name = Debug;
		};
		49C8F2B52ABB364A00680ABB /* Release */ = {
			isa = XCBuildConfiguration;
			buildSettings = {
				CLANG_ENABLE_MODULES = YES;
				CODE_SIGN_STYLE = Automatic;
				CURRENT_PROJECT_VERSION = 1;
				DEFINES_MODULE = YES;
				DYLIB_COMPATIBILITY_VERSION = 1;
				DYLIB_CURRENT_VERSION = 1;
				DYLIB_INSTALL_NAME_BASE = "@rpath";
				ENABLE_MODULE_VERIFIER = YES;
				FRAMEWORK_SEARCH_PATHS = "$(SRCROOT)/Carthage/Build/";
				GENERATE_INFOPLIST_FILE = YES;
				INFOPLIST_KEY_NSHumanReadableCopyright = "";
				INSTALL_PATH = "$(LOCAL_LIBRARY_DIR)/Frameworks";
				IPHONEOS_DEPLOYMENT_TARGET = 14.0;
				LD_RUNPATH_SEARCH_PATHS = (
					"$(inherited)",
					"@executable_path/Frameworks",
					"@loader_path/Frameworks",
				);
				MARKETING_VERSION = 1.0;
				MODULE_VERIFIER_SUPPORTED_LANGUAGES = "objective-c objective-c++";
				MODULE_VERIFIER_SUPPORTED_LANGUAGE_STANDARDS = "gnu11 gnu++20";
				PRODUCT_BUNDLE_IDENTIFIER = com.learn.MovieiOS;
				PRODUCT_NAME = "$(TARGET_NAME:c99extidentifier)";
				SKIP_INSTALL = YES;
				SWIFT_EMIT_LOC_STRINGS = YES;
				SWIFT_VERSION = 5.0;
				TARGETED_DEVICE_FAMILY = "1,2";
			};
			name = Release;
		};
		49C8F2B72ABB364A00680ABB /* Debug */ = {
			isa = XCBuildConfiguration;
			buildSettings = {
				ALWAYS_EMBED_SWIFT_STANDARD_LIBRARIES = YES;
				CLANG_ENABLE_MODULES = YES;
				CODE_SIGN_STYLE = Automatic;
				CURRENT_PROJECT_VERSION = 1;
				GENERATE_INFOPLIST_FILE = YES;
				MARKETING_VERSION = 1.0;
				PRODUCT_BUNDLE_IDENTIFIER = com.learn.MovieiOSTests;
				PRODUCT_NAME = "$(TARGET_NAME)";
				SWIFT_EMIT_LOC_STRINGS = NO;
				SWIFT_OPTIMIZATION_LEVEL = "-Onone";
				SWIFT_VERSION = 5.0;
				TARGETED_DEVICE_FAMILY = "1,2";
			};
			name = Debug;
		};
		49C8F2B82ABB364A00680ABB /* Release */ = {
			isa = XCBuildConfiguration;
			buildSettings = {
				ALWAYS_EMBED_SWIFT_STANDARD_LIBRARIES = YES;
				CLANG_ENABLE_MODULES = YES;
				CODE_SIGN_STYLE = Automatic;
				CURRENT_PROJECT_VERSION = 1;
				GENERATE_INFOPLIST_FILE = YES;
				MARKETING_VERSION = 1.0;
				PRODUCT_BUNDLE_IDENTIFIER = com.learn.MovieiOSTests;
				PRODUCT_NAME = "$(TARGET_NAME)";
				SWIFT_EMIT_LOC_STRINGS = NO;
				SWIFT_VERSION = 5.0;
				TARGETED_DEVICE_FAMILY = "1,2";
			};
			name = Release;
		};
/* End XCBuildConfiguration section */

/* Begin XCConfigurationList section */
		49C8F29B2ABB364A00680ABB /* Build configuration list for PBXProject "MovieiOS" */ = {
			isa = XCConfigurationList;
			buildConfigurations = (
				49C8F2B12ABB364A00680ABB /* Debug */,
				49C8F2B22ABB364A00680ABB /* Release */,
			);
			defaultConfigurationIsVisible = 0;
			defaultConfigurationName = Release;
		};
		49C8F2B32ABB364A00680ABB /* Build configuration list for PBXNativeTarget "MovieiOS" */ = {
			isa = XCConfigurationList;
			buildConfigurations = (
				49C8F2B42ABB364A00680ABB /* Debug */,
				49C8F2B52ABB364A00680ABB /* Release */,
			);
			defaultConfigurationIsVisible = 0;
			defaultConfigurationName = Release;
		};
		49C8F2B62ABB364A00680ABB /* Build configuration list for PBXNativeTarget "MovieiOSTests" */ = {
			isa = XCConfigurationList;
			buildConfigurations = (
				49C8F2B72ABB364A00680ABB /* Debug */,
				49C8F2B82ABB364A00680ABB /* Release */,
			);
			defaultConfigurationIsVisible = 0;
			defaultConfigurationName = Release;
		};
/* End XCConfigurationList section */
	};
	rootObject = 49C8F2982ABB364A00680ABB /* Project object */;
}
